<Solution>
  <Folder Name="/Éléments de solution/">
    <File Path=".github/workflows/release.yml" />
    <File Path="installer/install.ps1" />
    <File Path="installer/uninstall.ps1" />
    <File Path="installer/update.ps1" />
    <File Path="README.md" />
  </Folder>
  <Project Path="QwenAgent.Cli/QwenAgent.Cli.csproj" />
  <Project Path="QwenAgent.Core/QwenAgent.Core.csproj" />
</Solution>
